// !$*UTF8*$!
{
	archiveVersion = 1;
	classes = {
	};
	objectVersion = 50;
	objects = {

/* Begin PBXBuildFile section */
		7BE9B18DD417A56D9424A2F2 /* WeatherEntity.m in Sources */ = {isa = PBXBuildFile; fileRef = 7BE9B2AC876E249AB39BC58C /* WeatherEntity.m */; };
		7BE9B2E67E3235C9E157F5F5 /* WeatherLocalDataSource.m in Sources */ = {isa = PBXBuildFile; fileRef = 7BE9BE8F3EA3A7838BF2C41B /* WeatherLocalDataSource.m */; };
		7BE9B45FC06DD72527B13E26 /* ImageHelper.m in Sources */ = {isa = PBXBuildFile; fileRef = 7BE9BE90548E45EE5528480A /* ImageHelper.m */; };
		7BE9B5D64B4972DFD7B52A19 /* ViewController.m in Sources */ = {isa = PBXBuildFile; fileRef = 7BE9BBACAA76C8CE6AB5F846 /* ViewController.m */; };
		7BE9B89F872F2BC2F7567F12 /* LocationEntity.m in Sources */ = {isa = PBXBuildFile; fileRef = 7BE9BF4471812D6A9588ACDD /* LocationEntity.m */; };
		7BE9BC6821AE03E45A0F6024 /* LocationLocalDataSource.m in Sources */ = {isa = PBXBuildFile; fileRef = 7BE9B053F049377DFA81ABA0 /* LocationLocalDataSource.m */; };
		7BE9BCA883E8FECE71D99611 /* Location.m in Sources */ = {isa = PBXBuildFile; fileRef = 7BE9BF96F86C3FA5F6C68764 /* Location.m */; };
		7BE9BFBDFCA7D6A98D70814E /* WeatherRemoteDataSource.m in Sources */ = {isa = PBXBuildFile; fileRef = 7BE9BBD8C42711E2621977D1 /* WeatherRemoteDataSource.m */; };
		7BE9BFD7CED3B5F5A24E4690 /* HTTPResponse.m in Sources */ = {isa = PBXBuildFile; fileRef = 7BE9B4758E9B25248273DF6C /* HTTPResponse.m */; };
		7BE9BFDB746E9556DD3F9DC7 /* WeatherRepository.m in Sources */ = {isa = PBXBuildFile; fileRef = 7BE9B2CA95989FA6BDBB4E82 /* WeatherRepository.m */; };
		8A4419493BEC35232B5B7ECF /* libPods-Cloudy.a in Frameworks */ = {isa = PBXBuildFile; fileRef = FF7EC75E0708081DFCC5D4D5 /* libPods-Cloudy.a */; };
		FBB04FD721CD1E1D0042FFF0 /* Weather.m in Sources */ = {isa = PBXBuildFile; fileRef = FBB04FD621CD1E1D0042FFF0 /* Weather.m */; };
		FBB04FDB21CD90520042FFF0 /* Assets.xcassets in Resources */ = {isa = PBXBuildFile; fileRef = FBB04FDA21CD90520042FFF0 /* Assets.xcassets */; };
		FBE4ED3121CB94F70046C211 /* AppDelegate.m in Sources */ = {isa = PBXBuildFile; fileRef = FBE4ED3021CB94F70046C211 /* AppDelegate.m */; };
		FBE4ED3721CB94F70046C211 /* Main.storyboard in Resources */ = {isa = PBXBuildFile; fileRef = FBE4ED3521CB94F70046C211 /* Main.storyboard */; };
		FBE4ED3A21CB94F70046C211 /* Cloudy.xcdatamodeld in Sources */ = {isa = PBXBuildFile; fileRef = FBE4ED3821CB94F70046C211 /* Cloudy.xcdatamodeld */; };
		FBE4ED3F21CB94F70046C211 /* LaunchScreen.storyboard in Resources */ = {isa = PBXBuildFile; fileRef = FBE4ED3D21CB94F70046C211 /* LaunchScreen.storyboard */; };
		FBE4ED4221CB94F70046C211 /* main.m in Sources */ = {isa = PBXBuildFile; fileRef = FBE4ED4121CB94F70046C211 /* main.m */; };
/* End PBXBuildFile section */

/* Begin PBXFileReference section */
		43AA3829A67C5DB5C8146491 /* Pods-Cloudy.debug.xcconfig */ = {isa = PBXFileReference; includeInIndex = 1; lastKnownFileType = text.xcconfig; name = "Pods-Cloudy.debug.xcconfig"; path = "Pods/Target Support Files/Pods-Cloudy/Pods-Cloudy.debug.xcconfig"; sourceTree = "<group>"; };
		7BE9B053F049377DFA81ABA0 /* LocationLocalDataSource.m */ = {isa = PBXFileReference; fileEncoding = 4; lastKnownFileType = sourcecode.c.objc; path = LocationLocalDataSource.m; sourceTree = "<group>"; };
		7BE9B0F63D90DB76534C601B /* ViewController.h */ = {isa = PBXFileReference; fileEncoding = 4; lastKnownFileType = sourcecode.c.h; path = ViewController.h; sourceTree = "<group>"; };
		7BE9B17DC50FE1F6942DAB77 /* Location.h */ = {isa = PBXFileReference; fileEncoding = 4; lastKnownFileType = sourcecode.c.h; path = Location.h; sourceTree = "<group>"; };
		7BE9B2AC876E249AB39BC58C /* WeatherEntity.m */ = {isa = PBXFileReference; fileEncoding = 4; lastKnownFileType = sourcecode.c.objc; path = WeatherEntity.m; sourceTree = "<group>"; };
		7BE9B2CA95989FA6BDBB4E82 /* WeatherRepository.m */ = {isa = PBXFileReference; fileEncoding = 4; lastKnownFileType = sourcecode.c.objc; path = WeatherRepository.m; sourceTree = "<group>"; };
		7BE9B4758E9B25248273DF6C /* HTTPResponse.m */ = {isa = PBXFileReference; fileEncoding = 4; lastKnownFileType = sourcecode.c.objc; path = HTTPResponse.m; sourceTree = "<group>"; };
		7BE9B47E722A6F61B887E32C /* HTTPResponse.h */ = {isa = PBXFileReference; fileEncoding = 4; lastKnownFileType = sourcecode.c.h; path = HTTPResponse.h; sourceTree = "<group>"; };
		7BE9B4A179D79BE796EAA722 /* ImageHelper.h */ = {isa = PBXFileReference; fileEncoding = 4; lastKnownFileType = sourcecode.c.h; path = ImageHelper.h; sourceTree = "<group>"; };
		7BE9B62548A28C12A922B547 /* LocationLocalDataSource.h */ = {isa = PBXFileReference; fileEncoding = 4; lastKnownFileType = sourcecode.c.h; path = LocationLocalDataSource.h; sourceTree = "<group>"; };
		7BE9B762C55E41C1E673FE67 /* LocationEntity.h */ = {isa = PBXFileReference; fileEncoding = 4; lastKnownFileType = sourcecode.c.h; path = LocationEntity.h; sourceTree = "<group>"; };
		7BE9B7D0D2B4B4ECB14DB24B /* WeatherRemoteDataSource.h */ = {isa = PBXFileReference; fileEncoding = 4; lastKnownFileType = sourcecode.c.h; path = WeatherRemoteDataSource.h; sourceTree = "<group>"; };
		7BE9B7E8FC9C1AD1E94E4C05 /* WeatherDataSource.h */ = {isa = PBXFileReference; fileEncoding = 4; lastKnownFileType = sourcecode.c.h; path = WeatherDataSource.h; sourceTree = "<group>"; };
		7BE9B9091654BE650221E639 /* WeatherEntity.h */ = {isa = PBXFileReference; fileEncoding = 4; lastKnownFileType = sourcecode.c.h; path = WeatherEntity.h; sourceTree = "<group>"; };
		7BE9BB85529E47D3D90E4C59 /* WeatherRepository.h */ = {isa = PBXFileReference; fileEncoding = 4; lastKnownFileType = sourcecode.c.h; path = WeatherRepository.h; sourceTree = "<group>"; };
		7BE9BBACAA76C8CE6AB5F846 /* ViewController.m */ = {isa = PBXFileReference; fileEncoding = 4; lastKnownFileType = sourcecode.c.objc; path = ViewController.m; sourceTree = "<group>"; };
		7BE9BBB65468A6A4FCBB86B6 /* LocationDataSource.h */ = {isa = PBXFileReference; fileEncoding = 4; lastKnownFileType = sourcecode.c.h; path = LocationDataSource.h; sourceTree = "<group>"; };
		7BE9BBD8C42711E2621977D1 /* WeatherRemoteDataSource.m */ = {isa = PBXFileReference; fileEncoding = 4; lastKnownFileType = sourcecode.c.objc; path = WeatherRemoteDataSource.m; sourceTree = "<group>"; };
		7BE9BE63F17812FB0F9F08ED /* WeatherLocalDataSource.h */ = {isa = PBXFileReference; fileEncoding = 4; lastKnownFileType = sourcecode.c.h; path = WeatherLocalDataSource.h; sourceTree = "<group>"; };
		7BE9BE8F3EA3A7838BF2C41B /* WeatherLocalDataSource.m */ = {isa = PBXFileReference; fileEncoding = 4; lastKnownFileType = sourcecode.c.objc; path = WeatherLocalDataSource.m; sourceTree = "<group>"; };
		7BE9BE90548E45EE5528480A /* ImageHelper.m */ = {isa = PBXFileReference; fileEncoding = 4; lastKnownFileType = sourcecode.c.objc; path = ImageHelper.m; sourceTree = "<group>"; };
		7BE9BF4471812D6A9588ACDD /* LocationEntity.m */ = {isa = PBXFileReference; fileEncoding = 4; lastKnownFileType = sourcecode.c.objc; path = LocationEntity.m; sourceTree = "<group>"; };
		7BE9BF96F86C3FA5F6C68764 /* Location.m */ = {isa = PBXFileReference; fileEncoding = 4; lastKnownFileType = sourcecode.c.objc; path = Location.m; sourceTree = "<group>"; };
		E40967DB1CF050E059420712 /* Pods-Cloudy.release.xcconfig */ = {isa = PBXFileReference; includeInIndex = 1; lastKnownFileType = text.xcconfig; name = "Pods-Cloudy.release.xcconfig"; path = "Pods/Target Support Files/Pods-Cloudy/Pods-Cloudy.release.xcconfig"; sourceTree = "<group>"; };
		FBB04FD521CD1E1D0042FFF0 /* Weather.h */ = {isa = PBXFileReference; lastKnownFileType = sourcecode.c.h; path = Weather.h; sourceTree = "<group>"; };
		FBB04FD621CD1E1D0042FFF0 /* Weather.m */ = {isa = PBXFileReference; lastKnownFileType = sourcecode.c.objc; path = Weather.m; sourceTree = "<group>"; };
		FBB04FDA21CD90520042FFF0 /* Assets.xcassets */ = {isa = PBXFileReference; lastKnownFileType = folder.assetcatalog; path = Assets.xcassets; sourceTree = "<group>"; };
		FBE4ED2C21CB94F70046C211 /* Cloudy.app */ = {isa = PBXFileReference; explicitFileType = wrapper.application; includeInIndex = 0; path = Cloudy.app; sourceTree = BUILT_PRODUCTS_DIR; };
		FBE4ED2F21CB94F70046C211 /* AppDelegate.h */ = {isa = PBXFileReference; lastKnownFileType = sourcecode.c.h; path = AppDelegate.h; sourceTree = "<group>"; };
		FBE4ED3021CB94F70046C211 /* AppDelegate.m */ = {isa = PBXFileReference; lastKnownFileType = sourcecode.c.objc; path = AppDelegate.m; sourceTree = "<group>"; };
		FBE4ED3621CB94F70046C211 /* Base */ = {isa = PBXFileReference; lastKnownFileType = file.storyboard; name = Base; path = Base.lproj/Main.storyboard; sourceTree = "<group>"; };
		FBE4ED3921CB94F70046C211 /* Cloudy.xcdatamodel */ = {isa = PBXFileReference; lastKnownFileType = wrapper.xcdatamodel; path = Cloudy.xcdatamodel; sourceTree = "<group>"; };
		FBE4ED3E21CB94F70046C211 /* Base */ = {isa = PBXFileReference; lastKnownFileType = file.storyboard; name = Base; path = Base.lproj/LaunchScreen.storyboard; sourceTree = "<group>"; };
		FBE4ED4021CB94F70046C211 /* Info.plist */ = {isa = PBXFileReference; lastKnownFileType = text.plist.xml; path = Info.plist; sourceTree = "<group>"; };
		FBE4ED4121CB94F70046C211 /* main.m */ = {isa = PBXFileReference; lastKnownFileType = sourcecode.c.objc; path = main.m; sourceTree = "<group>"; };
		FF7EC75E0708081DFCC5D4D5 /* libPods-Cloudy.a */ = {isa = PBXFileReference; explicitFileType = archive.ar; includeInIndex = 0; path = "libPods-Cloudy.a"; sourceTree = BUILT_PRODUCTS_DIR; };
/* End PBXFileReference section */

/* Begin PBXFrameworksBuildPhase section */
		FBE4ED2921CB94F70046C211 /* Frameworks */ = {
			isa = PBXFrameworksBuildPhase;
			buildActionMask = 2147483647;
			files = (
				8A4419493BEC35232B5B7ECF /* libPods-Cloudy.a in Frameworks */,
			);
			runOnlyForDeploymentPostprocessing = 0;
		};
/* End PBXFrameworksBuildPhase section */

/* Begin PBXGroup section */
		363C4BFD974171EEA71C8330 /* Pods */ = {
			isa = PBXGroup;
			children = (
				43AA3829A67C5DB5C8146491 /* Pods-Cloudy.debug.xcconfig */,
				E40967DB1CF050E059420712 /* Pods-Cloudy.release.xcconfig */,
			);
			name = Pods;
			sourceTree = "<group>";
		};
		7BE9B4EE801B11C349894749 /* data */ = {
			isa = PBXGroup;
			children = (
				7BE9BD12EEEADA820B8DB83F /* model */,
				7BE9B2CA95989FA6BDBB4E82 /* WeatherRepository.m */,
				7BE9BB85529E47D3D90E4C59 /* WeatherRepository.h */,
				7BE9BF0757285E4EA1EE75F2 /* source */,
				7BE9B7E8FC9C1AD1E94E4C05 /* WeatherDataSource.h */,
				7BE9BBB65468A6A4FCBB86B6 /* LocationDataSource.h */,
			);
			path = data;
			sourceTree = "<group>";
		};
		7BE9B7CEC92B8BD569853573 /* remote */ = {
			isa = PBXGroup;
			children = (
				7BE9BBD8C42711E2621977D1 /* WeatherRemoteDataSource.m */,
				7BE9B7D0D2B4B4ECB14DB24B /* WeatherRemoteDataSource.h */,
				7BE9B4758E9B25248273DF6C /* HTTPResponse.m */,
				7BE9B47E722A6F61B887E32C /* HTTPResponse.h */,
			);
			path = remote;
			sourceTree = "<group>";
		};
		7BE9B887519C90E86ED04393 /* presentation */ = {
			isa = PBXGroup;
			children = (
				7BE9BE90548E45EE5528480A /* ImageHelper.m */,
				7BE9B4A179D79BE796EAA722 /* ImageHelper.h */,
				7BE9B9ABF1B711CEC4B7345A /* detail */,
			);
			path = presentation;
			sourceTree = "<group>";
		};
		7BE9B9ABF1B711CEC4B7345A /* detail */ = {
			isa = PBXGroup;
			children = (
				7BE9B0F63D90DB76534C601B /* ViewController.h */,
				7BE9BBACAA76C8CE6AB5F846 /* ViewController.m */,
			);
			path = detail;
			sourceTree = "<group>";
		};
		7BE9BD12EEEADA820B8DB83F /* model */ = {
			isa = PBXGroup;
			children = (
				7BE9BF4471812D6A9588ACDD /* LocationEntity.m */,
				7BE9B9091654BE650221E639 /* WeatherEntity.h */,
				7BE9B2AC876E249AB39BC58C /* WeatherEntity.m */,
				7BE9B762C55E41C1E673FE67 /* LocationEntity.h */,
			);
			path = model;
			sourceTree = "<group>";
		};
		7BE9BF0757285E4EA1EE75F2 /* source */ = {
			isa = PBXGroup;
			children = (
				7BE9B7CEC92B8BD569853573 /* remote */,
				7BE9BF40CC93FE4E16EC8257 /* local */,
			);
			path = source;
			sourceTree = "<group>";
		};
		7BE9BF40CC93FE4E16EC8257 /* local */ = {
			isa = PBXGroup;
			children = (
				7BE9BE8F3EA3A7838BF2C41B /* WeatherLocalDataSource.m */,
				7BE9BE63F17812FB0F9F08ED /* WeatherLocalDataSource.h */,
				7BE9B053F049377DFA81ABA0 /* LocationLocalDataSource.m */,
				7BE9B62548A28C12A922B547 /* LocationLocalDataSource.h */,
			);
			path = local;
			sourceTree = "<group>";
		};
		EE4AEF3B6ABB0E14C6CE9BAD /* Frameworks */ = {
			isa = PBXGroup;
			children = (
				FF7EC75E0708081DFCC5D4D5 /* libPods-Cloudy.a */,
			);
			name = Frameworks;
			sourceTree = "<group>";
		};
		FBB04FD121CD1DBF0042FFF0 /* domain */ = {
			isa = PBXGroup;
			children = (
				FBB04FD521CD1E1D0042FFF0 /* Weather.h */,
				FBB04FD621CD1E1D0042FFF0 /* Weather.m */,
				7BE9B17DC50FE1F6942DAB77 /* Location.h */,
				7BE9BF96F86C3FA5F6C68764 /* Location.m */,
			);
			path = domain;
			sourceTree = "<group>";
		};
		FBE4ED2321CB94F70046C211 = {
			isa = PBXGroup;
			children = (
				FBE4ED2E21CB94F70046C211 /* Cloudy */,
				FBE4ED2D21CB94F70046C211 /* Products */,
				363C4BFD974171EEA71C8330 /* Pods */,
				EE4AEF3B6ABB0E14C6CE9BAD /* Frameworks */,
			);
			sourceTree = "<group>";
		};
		FBE4ED2D21CB94F70046C211 /* Products */ = {
			isa = PBXGroup;
			children = (
				FBE4ED2C21CB94F70046C211 /* Cloudy.app */,
			);
			name = Products;
			sourceTree = "<group>";
		};
		FBE4ED2E21CB94F70046C211 /* Cloudy */ = {
			isa = PBXGroup;
			children = (
				FBB04FD121CD1DBF0042FFF0 /* domain */,
				7BE9B4EE801B11C349894749 /* data */,
				7BE9B887519C90E86ED04393 /* presentation */,
				FBE4ED2F21CB94F70046C211 /* AppDelegate.h */,
				FBE4ED3021CB94F70046C211 /* AppDelegate.m */,
				FBE4ED3521CB94F70046C211 /* Main.storyboard */,
				FBE4ED3D21CB94F70046C211 /* LaunchScreen.storyboard */,
				FBE4ED4021CB94F70046C211 /* Info.plist */,
				FBE4ED4121CB94F70046C211 /* main.m */,
				FBE4ED3821CB94F70046C211 /* Cloudy.xcdatamodeld */,
				FBB04FDA21CD90520042FFF0 /* Assets.xcassets */,
			);
			path = Cloudy;
			sourceTree = "<group>";
		};
/* End PBXGroup section */

/* Begin PBXNativeTarget section */
		FBE4ED2B21CB94F70046C211 /* Cloudy */ = {
			isa = PBXNativeTarget;
			buildConfigurationList = FBE4ED4521CB94F70046C211 /* Build configuration list for PBXNativeTarget "Cloudy" */;
			buildPhases = (
				58F05650CA9FE4433611CC2B /* [CP] Check Pods Manifest.lock */,
				FBE4ED2821CB94F70046C211 /* Sources */,
				FBE4ED2921CB94F70046C211 /* Frameworks */,
				FBE4ED2A21CB94F70046C211 /* Resources */,
			);
			buildRules = (
			);
			dependencies = (
			);
			name = Cloudy;
			productName = Cloudy;
			productReference = FBE4ED2C21CB94F70046C211 /* Cloudy.app */;
			productType = "com.apple.product-type.application";
		};
/* End PBXNativeTarget section */

/* Begin PBXProject section */
		FBE4ED2421CB94F70046C211 /* Project object */ = {
			isa = PBXProject;
			attributes = {
				LastUpgradeCheck = 1010;
				ORGANIZATIONNAME = "Eugeniu Olog";
				TargetAttributes = {
					FBE4ED2B21CB94F70046C211 = {
						CreatedOnToolsVersion = 10.1;
					};
				};
			};
			buildConfigurationList = FBE4ED2721CB94F70046C211 /* Build configuration list for PBXProject "Cloudy" */;
			compatibilityVersion = "Xcode 9.3";
			developmentRegion = en;
			hasScannedForEncodings = 0;
			knownRegions = (
				en,
				Base,
			);
			mainGroup = FBE4ED2321CB94F70046C211;
			productRefGroup = FBE4ED2D21CB94F70046C211 /* Products */;
			projectDirPath = "";
			projectRoot = "";
			targets = (
				FBE4ED2B21CB94F70046C211 /* Cloudy */,
			);
		};
/* End PBXProject section */

/* Begin PBXResourcesBuildPhase section */
		FBE4ED2A21CB94F70046C211 /* Resources */ = {
			isa = PBXResourcesBuildPhase;
			buildActionMask = 2147483647;
			files = (
				FBE4ED3F21CB94F70046C211 /* LaunchScreen.storyboard in Resources */,
				FBB04FDB21CD90520042FFF0 /* Assets.xcassets in Resources */,
				FBE4ED3721CB94F70046C211 /* Main.storyboard in Resources */,
			);
			runOnlyForDeploymentPostprocessing = 0;
		};
/* End PBXResourcesBuildPhase section */

/* Begin PBXShellScriptBuildPhase section */
		58F05650CA9FE4433611CC2B /* [CP] Check Pods Manifest.lock */ = {
			isa = PBXShellScriptBuildPhase;
			buildActionMask = 2147483647;
			files = (
			);
			inputFileListPaths = (
			);
			inputPaths = (
				"${PODS_PODFILE_DIR_PATH}/Podfile.lock",
				"${PODS_ROOT}/Manifest.lock",
			);
			name = "[CP] Check Pods Manifest.lock";
			outputFileListPaths = (
			);
			outputPaths = (
				"$(DERIVED_FILE_DIR)/Pods-Cloudy-checkManifestLockResult.txt",
			);
			runOnlyForDeploymentPostprocessing = 0;
			shellPath = /bin/sh;
			shellScript = "diff \"${PODS_PODFILE_DIR_PATH}/Podfile.lock\" \"${PODS_ROOT}/Manifest.lock\" > /dev/null\nif [ $? != 0 ] ; then\n    # print error to STDERR\n    echo \"error: The sandbox is not in sync with the Podfile.lock. Run 'pod install' or update your CocoaPods installation.\" >&2\n    exit 1\nfi\n# This output is used by Xcode 'outputs' to avoid re-running this script phase.\necho \"SUCCESS\" > \"${SCRIPT_OUTPUT_FILE_0}\"\n";
			showEnvVarsInLog = 0;
		};
/* End PBXShellScriptBuildPhase section */

/* Begin PBXSourcesBuildPhase section */
		FBE4ED2821CB94F70046C211 /* Sources */ = {
			isa = PBXSourcesBuildPhase;
			buildActionMask = 2147483647;
			files = (
				FBB04FD721CD1E1D0042FFF0 /* Weather.m in Sources */,
				FBE4ED3A21CB94F70046C211 /* Cloudy.xcdatamodeld in Sources */,
				FBE4ED4221CB94F70046C211 /* main.m in Sources */,
				FBE4ED3121CB94F70046C211 /* AppDelegate.m in Sources */,
				7BE9BCA883E8FECE71D99611 /* Location.m in Sources */,
				7BE9B89F872F2BC2F7567F12 /* LocationEntity.m in Sources */,
				7BE9B18DD417A56D9424A2F2 /* WeatherEntity.m in Sources */,
				7BE9BFDB746E9556DD3F9DC7 /* WeatherRepository.m in Sources */,
				7BE9B2E67E3235C9E157F5F5 /* WeatherLocalDataSource.m in Sources */,
				7BE9BFBDFCA7D6A98D70814E /* WeatherRemoteDataSource.m in Sources */,
				7BE9BC6821AE03E45A0F6024 /* LocationLocalDataSource.m in Sources */,
				7BE9BFD7CED3B5F5A24E4690 /* HTTPResponse.m in Sources */,
				7BE9B45FC06DD72527B13E26 /* ImageHelper.m in Sources */,
				7BE9B5D64B4972DFD7B52A19 /* ViewController.m in Sources */,
			);
			runOnlyForDeploymentPostprocessing = 0;
		};
/* End PBXSourcesBuildPhase section */

/* Begin PBXVariantGroup section */
		FBE4ED3521CB94F70046C211 /* Main.storyboard */ = {
			isa = PBXVariantGroup;
			children = (
				FBE4ED3621CB94F70046C211 /* Base */,
			);
			name = Main.storyboard;
			sourceTree = "<group>";
		};
		FBE4ED3D21CB94F70046C211 /* LaunchScreen.storyboard */ = {
			isa = PBXVariantGroup;
			children = (
				FBE4ED3E21CB94F70046C211 /* Base */,
			);
			name = LaunchScreen.storyboard;
			sourceTree = "<group>";
		};
/* End PBXVariantGroup section */

/* Begin XCBuildConfiguration section */
		FBE4ED4321CB94F70046C211 /* Debug */ = {
			isa = XCBuildConfiguration;
			buildSettings = {
				ALWAYS_SEARCH_USER_PATHS = NO;
				CLANG_ANALYZER_NONNULL = YES;
				CLANG_ANALYZER_NUMBER_OBJECT_CONVERSION = YES_AGGRESSIVE;
				CLANG_CXX_LANGUAGE_STANDARD = "gnu++14";
				CLANG_CXX_LIBRARY = "libc++";
				CLANG_ENABLE_MODULES = YES;
				CLANG_ENABLE_OBJC_ARC = YES;
				CLANG_ENABLE_OBJC_WEAK = YES;
				CLANG_WARN_BLOCK_CAPTURE_AUTORELEASING = YES;
				CLANG_WARN_BOOL_CONVERSION = YES;
				CLANG_WARN_COMMA = YES;
				CLANG_WARN_CONSTANT_CONVERSION = YES;
				CLANG_WARN_DEPRECATED_OBJC_IMPLEMENTATIONS = YES;
				CLANG_WARN_DIRECT_OBJC_ISA_USAGE = YES_ERROR;
				CLANG_WARN_DOCUMENTATION_COMMENTS = YES;
				CLANG_WARN_EMPTY_BODY = YES;
				CLANG_WARN_ENUM_CONVERSION = YES;
				CLANG_WARN_INFINITE_RECURSION = YES;
				CLANG_WARN_INT_CONVERSION = YES;
				CLANG_WARN_NON_LITERAL_NULL_CONVERSION = YES;
				CLANG_WARN_OBJC_IMPLICIT_RETAIN_SELF = YES;
				CLANG_WARN_OBJC_LITERAL_CONVERSION = YES;
				CLANG_WARN_OBJC_ROOT_CLASS = YES_ERROR;
				CLANG_WARN_RANGE_LOOP_ANALYSIS = YES;
				CLANG_WARN_STRICT_PROTOTYPES = YES;
				CLANG_WARN_SUSPICIOUS_MOVE = YES;
				CLANG_WARN_UNGUARDED_AVAILABILITY = YES_AGGRESSIVE;
				CLANG_WARN_UNREACHABLE_CODE = YES;
				CLANG_WARN__DUPLICATE_METHOD_MATCH = YES;
				CODE_SIGN_IDENTITY = "iPhone Developer";
				COPY_PHASE_STRIP = NO;
				DEBUG_INFORMATION_FORMAT = dwarf;
				ENABLE_STRICT_OBJC_MSGSEND = YES;
				ENABLE_TESTABILITY = YES;
				GCC_C_LANGUAGE_STANDARD = gnu11;
				GCC_DYNAMIC_NO_PIC = NO;
				GCC_NO_COMMON_BLOCKS = YES;
				GCC_OPTIMIZATION_LEVEL = 0;
				GCC_PREPROCESSOR_DEFINITIONS = (
					"DEBUG=1",
					"$(inherited)",
				);
				GCC_WARN_64_TO_32_BIT_CONVERSION = YES;
				GCC_WARN_ABOUT_RETURN_TYPE = YES_ERROR;
				GCC_WARN_UNDECLARED_SELECTOR = YES;
				GCC_WARN_UNINITIALIZED_AUTOS = YES_AGGRESSIVE;
				GCC_WARN_UNUSED_FUNCTION = YES;
				GCC_WARN_UNUSED_VARIABLE = YES;
				IPHONEOS_DEPLOYMENT_TARGET = 12.1;
				MTL_ENABLE_DEBUG_INFO = INCLUDE_SOURCE;
				MTL_FAST_MATH = YES;
				ONLY_ACTIVE_ARCH = YES;
				SDKROOT = iphoneos;
			};
			name = Debug;
		};
		FBE4ED4421CB94F70046C211 /* Release */ = {
			isa = XCBuildConfiguration;
			buildSettings = {
				ALWAYS_SEARCH_USER_PATHS = NO;
				CLANG_ANALYZER_NONNULL = YES;
				CLANG_ANALYZER_NUMBER_OBJECT_CONVERSION = YES_AGGRESSIVE;
				CLANG_CXX_LANGUAGE_STANDARD = "gnu++14";
				CLANG_CXX_LIBRARY = "libc++";
				CLANG_ENABLE_MODULES = YES;
				CLANG_ENABLE_OBJC_ARC = YES;
				CLANG_ENABLE_OBJC_WEAK = YES;
				CLANG_WARN_BLOCK_CAPTURE_AUTORELEASING = YES;
				CLANG_WARN_BOOL_CONVERSION = YES;
				CLANG_WARN_COMMA = YES;
				CLANG_WARN_CONSTANT_CONVERSION = YES;
				CLANG_WARN_DEPRECATED_OBJC_IMPLEMENTATIONS = YES;
				CLANG_WARN_DIRECT_OBJC_ISA_USAGE = YES_ERROR;
				CLANG_WARN_DOCUMENTATION_COMMENTS = YES;
				CLANG_WARN_EMPTY_BODY = YES;
				CLANG_WARN_ENUM_CONVERSION = YES;
				CLANG_WARN_INFINITE_RECURSION = YES;
				CLANG_WARN_INT_CONVERSION = YES;
				CLANG_WARN_NON_LITERAL_NULL_CONVERSION = YES;
				CLANG_WARN_OBJC_IMPLICIT_RETAIN_SELF = YES;
				CLANG_WARN_OBJC_LITERAL_CONVERSION = YES;
				CLANG_WARN_OBJC_ROOT_CLASS = YES_ERROR;
				CLANG_WARN_RANGE_LOOP_ANALYSIS = YES;
				CLANG_WARN_STRICT_PROTOTYPES = YES;
				CLANG_WARN_SUSPICIOUS_MOVE = YES;
				CLANG_WARN_UNGUARDED_AVAILABILITY = YES_AGGRESSIVE;
				CLANG_WARN_UNREACHABLE_CODE = YES;
				CLANG_WARN__DUPLICATE_METHOD_MATCH = YES;
				CODE_SIGN_IDENTITY = "iPhone Developer";
				COPY_PHASE_STRIP = NO;
				DEBUG_INFORMATION_FORMAT = "dwarf-with-dsym";
				ENABLE_NS_ASSERTIONS = NO;
				ENABLE_STRICT_OBJC_MSGSEND = YES;
				GCC_C_LANGUAGE_STANDARD = gnu11;
				GCC_NO_COMMON_BLOCKS = YES;
				GCC_WARN_64_TO_32_BIT_CONVERSION = YES;
				GCC_WARN_ABOUT_RETURN_TYPE = YES_ERROR;
				GCC_WARN_UNDECLARED_SELECTOR = YES;
				GCC_WARN_UNINITIALIZED_AUTOS = YES_AGGRESSIVE;
				GCC_WARN_UNUSED_FUNCTION = YES;
				GCC_WARN_UNUSED_VARIABLE = YES;
				IPHONEOS_DEPLOYMENT_TARGET = 12.1;
				MTL_ENABLE_DEBUG_INFO = NO;
				MTL_FAST_MATH = YES;
				SDKROOT = iphoneos;
				VALIDATE_PRODUCT = YES;
			};
			name = Release;
		};
		FBE4ED4621CB94F70046C211 /* Debug */ = {
			isa = XCBuildConfiguration;
			baseConfigurationReference = 43AA3829A67C5DB5C8146491 /* Pods-Cloudy.debug.xcconfig */;
			buildSettings = {
				ASSETCATALOG_COMPILER_APPICON_NAME = AppIcon;
				CODE_SIGN_STYLE = Automatic;
				INFOPLIST_FILE = Cloudy/Info.plist;
				LD_RUNPATH_SEARCH_PATHS = (
					"$(inherited)",
					"@executable_path/Frameworks",
				);
				PRODUCT_BUNDLE_IDENTIFIER = dev.olog.Cloudy;
				PRODUCT_NAME = "$(TARGET_NAME)";
				TARGETED_DEVICE_FAMILY = "1,2";
			};
			name = Debug;
		};
		FBE4ED4721CB94F70046C211 /* Release */ = {
			isa = XCBuildConfiguration;
			baseConfigurationReference = E40967DB1CF050E059420712 /* Pods-Cloudy.release.xcconfig */;
			buildSettings = {
				ASSETCATALOG_COMPILER_APPICON_NAME = AppIcon;
				CODE_SIGN_STYLE = Automatic;
				INFOPLIST_FILE = Cloudy/Info.plist;
				LD_RUNPATH_SEARCH_PATHS = (
					"$(inherited)",
					"@executable_path/Frameworks",
				);
				PRODUCT_BUNDLE_IDENTIFIER = dev.olog.Cloudy;
				PRODUCT_NAME = "$(TARGET_NAME)";
				TARGETED_DEVICE_FAMILY = "1,2";
			};
			name = Release;
		};
/* End XCBuildConfiguration section */

/* Begin XCConfigurationList section */
		FBE4ED2721CB94F70046C211 /* Build configuration list for PBXProject "Cloudy" */ = {
			isa = XCConfigurationList;
			buildConfigurations = (
				FBE4ED4321CB94F70046C211 /* Debug */,
				FBE4ED4421CB94F70046C211 /* Release */,
			);
			defaultConfigurationIsVisible = 0;
			defaultConfigurationName = Release;
		};
		FBE4ED4521CB94F70046C211 /* Build configuration list for PBXNativeTarget "Cloudy" */ = {
			isa = XCConfigurationList;
			buildConfigurations = (
				FBE4ED4621CB94F70046C211 /* Debug */,
				FBE4ED4721CB94F70046C211 /* Release */,
			);
			defaultConfigurationIsVisible = 0;
			defaultConfigurationName = Release;
		};
/* End XCConfigurationList section */

/* Begin XCVersionGroup section */
		FBE4ED3821CB94F70046C211 /* Cloudy.xcdatamodeld */ = {
			isa = XCVersionGroup;
			children = (
				FBE4ED3921CB94F70046C211 /* Cloudy.xcdatamodel */,
			);
			currentVersion = FBE4ED3921CB94F70046C211 /* Cloudy.xcdatamodel */;
			path = Cloudy.xcdatamodeld;
			sourceTree = "<group>";
			versionGroupType = wrapper.xcdatamodel;
		};
/* End XCVersionGroup section */
	};
	rootObject = FBE4ED2421CB94F70046C211 /* Project object */;
}
