// !$*UTF8*$!
{
	archiveVersion = 1;
	classes = {
	};
	objectVersion = 50;
	objects = {

/* Begin PBXBuildFile section */
		FBE4ED3121CB94F70046C211 /* AppDelegate.m in Sources */ = {isa = PBXBuildFile; fileRef = FBE4ED3021CB94F70046C211 /* AppDelegate.m */; };
		FBE4ED3421CB94F70046C211 /* ViewController.m in Sources */ = {isa = PBXBuildFile; fileRef = FBE4ED3321CB94F70046C211 /* ViewController.m */; };
		FBE4ED3721CB94F70046C211 /* Main.storyboard in Resources */ = {isa = PBXBuildFile; fileRef = FBE4ED3521CB94F70046C211 /* Main.storyboard */; };
		FBE4ED3A21CB94F70046C211 /* Cloudy.xcdatamodeld in Sources */ = {isa = PBXBuildFile; fileRef = FBE4ED3821CB94F70046C211 /* Cloudy.xcdatamodeld */; };
		FBE4ED3C21CB94F70046C211 /* Assets.xcassets in Resources */ = {isa = PBXBuildFile; fileRef = FBE4ED3B21CB94F70046C211 /* Assets.xcassets */; };
		FBE4ED3F21CB94F70046C211 /* LaunchScreen.storyboard in Resources */ = {isa = PBXBuildFile; fileRef = FBE4ED3D21CB94F70046C211 /* LaunchScreen.storyboard */; };
		FBE4ED4221CB94F70046C211 /* main.m in Sources */ = {isa = PBXBuildFile; fileRef = FBE4ED4121CB94F70046C211 /* main.m */; };
/* End PBXBuildFile section */

/* Begin PBXFileReference section */
		FBE4ED2C21CB94F70046C211 /* Cloudy.app */ = {isa = PBXFileReference; explicitFileType = wrapper.application; includeInIndex = 0; path = Cloudy.app; sourceTree = BUILT_PRODUCTS_DIR; };
		FBE4ED2F21CB94F70046C211 /* AppDelegate.h */ = {isa = PBXFileReference; lastKnownFileType = sourcecode.c.h; path = AppDelegate.h; sourceTree = "<group>"; };
		FBE4ED3021CB94F70046C211 /* AppDelegate.m */ = {isa = PBXFileReference; lastKnownFileType = sourcecode.c.objc; path = AppDelegate.m; sourceTree = "<group>"; };
		FBE4ED3221CB94F70046C211 /* ViewController.h */ = {isa = PBXFileReference; lastKnownFileType = sourcecode.c.h; path = ViewController.h; sourceTree = "<group>"; };
		FBE4ED3321CB94F70046C211 /* ViewController.m */ = {isa = PBXFileReference; lastKnownFileType = sourcecode.c.objc; path = ViewController.m; sourceTree = "<group>"; };
		FBE4ED3621CB94F70046C211 /* Base */ = {isa = PBXFileReference; lastKnownFileType = file.storyboard; name = Base; path = Base.lproj/Main.storyboard; sourceTree = "<group>"; };
		FBE4ED3921CB94F70046C211 /* Cloudy.xcdatamodel */ = {isa = PBXFileReference; lastKnownFileType = wrapper.xcdatamodel; path = Cloudy.xcdatamodel; sourceTree = "<group>"; };
		FBE4ED3B21CB94F70046C211 /* Assets.xcassets */ = {isa = PBXFileReference; lastKnownFileType = folder.assetcatalog; path = Assets.xcassets; sourceTree = "<group>"; };
		FBE4ED3E21CB94F70046C211 /* Base */ = {isa = PBXFileReference; lastKnownFileType = file.storyboard; name = Base; path = Base.lproj/LaunchScreen.storyboard; sourceTree = "<group>"; };
		FBE4ED4021CB94F70046C211 /* Info.plist */ = {isa = PBXFileReference; lastKnownFileType = text.plist.xml; path = Info.plist; sourceTree = "<group>"; };
		FBE4ED4121CB94F70046C211 /* main.m */ = {isa = PBXFileReference; lastKnownFileType = sourcecode.c.objc; path = main.m; sourceTree = "<group>"; };
/* End PBXFileReference section */

/* Begin PBXFrameworksBuildPhase section */
		FBE4ED2921CB94F70046C211 /* Frameworks */ = {
			isa = PBXFrameworksBuildPhase;
			buildActionMask = 2147483647;
			files = (
			);
			runOnlyForDeploymentPostprocessing = 0;
		};
/* End PBXFrameworksBuildPhase section */

/* Begin PBXGroup section */
		FBE4ED2321CB94F70046C211 = {
			isa = PBXGroup;
			children = (
				FBE4ED2E21CB94F70046C211 /* Cloudy */,
				FBE4ED2D21CB94F70046C211 /* Products */,
			);
			sourceTree = "<group>";
		};
		FBE4ED2D21CB94F70046C211 /* Products */ = {
			isa = PBXGroup;
			children = (
				FBE4ED2C21CB94F70046C211 /* Cloudy.app */,
			);
			name = Products;
			sourceTree = "<group>";
		};
		FBE4ED2E21CB94F70046C211 /* Cloudy */ = {
			isa = PBXGroup;
			children = (
				FBE4ED2F21CB94F70046C211 /* AppDelegate.h */,
				FBE4ED3021CB94F70046C211 /* AppDelegate.m */,
				FBE4ED3221CB94F70046C211 /* ViewController.h */,
				FBE4ED3321CB94F70046C211 /* ViewController.m */,
				FBE4ED3521CB94F70046C211 /* Main.storyboard */,
				FBE4ED3B21CB94F70046C211 /* Assets.xcassets */,
				FBE4ED3D21CB94F70046C211 /* LaunchScreen.storyboard */,
				FBE4ED4021CB94F70046C211 /* Info.plist */,
				FBE4ED4121CB94F70046C211 /* main.m */,
				FBE4ED3821CB94F70046C211 /* Cloudy.xcdatamodeld */,
			);
			path = Cloudy;
			sourceTree = "<group>";
		};
/* End PBXGroup section */

/* Begin PBXNativeTarget section */
		FBE4ED2B21CB94F70046C211 /* Cloudy */ = {
			isa = PBXNativeTarget;
			buildConfigurationList = FBE4ED4521CB94F70046C211 /* Build configuration list for PBXNativeTarget "Cloudy" */;
			buildPhases = (
				FBE4ED2821CB94F70046C211 /* Sources */,
				FBE4ED2921CB94F70046C211 /* Frameworks */,
				FBE4ED2A21CB94F70046C211 /* Resources */,
			);
			buildRules = (
			);
			dependencies = (
			);
			name = Cloudy;
			productName = Cloudy;
			productReference = FBE4ED2C21CB94F70046C211 /* Cloudy.app */;
			productType = "com.apple.product-type.application";
		};
/* End PBXNativeTarget section */

/* Begin PBXProject section */
		FBE4ED2421CB94F70046C211 /* Project object */ = {
			isa = PBXProject;
			attributes = {
				LastUpgradeCheck = 1010;
				ORGANIZATIONNAME = "Eugeniu Olog";
				TargetAttributes = {
					FBE4ED2B21CB94F70046C211 = {
						CreatedOnToolsVersion = 10.1;
					};
				};
			};
			buildConfigurationList = FBE4ED2721CB94F70046C211 /* Build configuration list for PBXProject "Cloudy" */;
			compatibilityVersion = "Xcode 9.3";
			developmentRegion = en;
			hasScannedForEncodings = 0;
			knownRegions = (
				en,
				Base,
			);
			mainGroup = FBE4ED2321CB94F70046C211;
			productRefGroup = FBE4ED2D21CB94F70046C211 /* Products */;
			projectDirPath = "";
			projectRoot = "";
			targets = (
				FBE4ED2B21CB94F70046C211 /* Cloudy */,
			);
		};
/* End PBXProject section */

/* Begin PBXResourcesBuildPhase section */
		FBE4ED2A21CB94F70046C211 /* Resources */ = {
			isa = PBXResourcesBuildPhase;
			buildActionMask = 2147483647;
			files = (
				FBE4ED3F21CB94F70046C211 /* LaunchScreen.storyboard in Resources */,
				FBE4ED3C21CB94F70046C211 /* Assets.xcassets in Resources */,
				FBE4ED3721CB94F70046C211 /* Main.storyboard in Resources */,
			);
			runOnlyForDeploymentPostprocessing = 0;
		};
/* End PBXResourcesBuildPhase section */

/* Begin PBXSourcesBuildPhase section */
		FBE4ED2821CB94F70046C211 /* Sources */ = {
			isa = PBXSourcesBuildPhase;
			buildActionMask = 2147483647;
			files = (
				FBE4ED3421CB94F70046C211 /* ViewController.m in Sources */,
				FBE4ED3A21CB94F70046C211 /* Cloudy.xcdatamodeld in Sources */,
				FBE4ED4221CB94F70046C211 /* main.m in Sources */,
				FBE4ED3121CB94F70046C211 /* AppDelegate.m in Sources */,
			);
			runOnlyForDeploymentPostprocessing = 0;
		};
/* End PBXSourcesBuildPhase section */

/* Begin PBXVariantGroup section */
		FBE4ED3521CB94F70046C211 /* Main.storyboard */ = {
			isa = PBXVariantGroup;
			children = (
				FBE4ED3621CB94F70046C211 /* Base */,
			);
			name = Main.storyboard;
			sourceTree = "<group>";
		};
		FBE4ED3D21CB94F70046C211 /* LaunchScreen.storyboard */ = {
			isa = PBXVariantGroup;
			children = (
				FBE4ED3E21CB94F70046C211 /* Base */,
			);
			name = LaunchScreen.storyboard;
			sourceTree = "<group>";
		};
/* End PBXVariantGroup section */

/* Begin XCBuildConfiguration section */
		FBE4ED4321CB94F70046C211 /* Debug */ = {
			isa = XCBuildConfiguration;
			buildSettings = {
				ALWAYS_SEARCH_USER_PATHS = NO;
				CLANG_ANALYZER_NONNULL = YES;
				CLANG_ANALYZER_NUMBER_OBJECT_CONVERSION = YES_AGGRESSIVE;
				CLANG_CXX_LANGUAGE_STANDARD = "gnu++14";
				CLANG_CXX_LIBRARY = "libc++";
				CLANG_ENABLE_MODULES = YES;
				CLANG_ENABLE_OBJC_ARC = YES;
				CLANG_ENABLE_OBJC_WEAK = YES;
				CLANG_WARN_BLOCK_CAPTURE_AUTORELEASING = YES;
				CLANG_WARN_BOOL_CONVERSION = YES;
				CLANG_WARN_COMMA = YES;
				CLANG_WARN_CONSTANT_CONVERSION = YES;
				CLANG_WARN_DEPRECATED_OBJC_IMPLEMENTATIONS = YES;
				CLANG_WARN_DIRECT_OBJC_ISA_USAGE = YES_ERROR;
				CLANG_WARN_DOCUMENTATION_COMMENTS = YES;
				CLANG_WARN_EMPTY_BODY = YES;
				CLANG_WARN_ENUM_CONVERSION = YES;
				CLANG_WARN_INFINITE_RECURSION = YES;
				CLANG_WARN_INT_CONVERSION = YES;
				CLANG_WARN_NON_LITERAL_NULL_CONVERSION = YES;
				CLANG_WARN_OBJC_IMPLICIT_RETAIN_SELF = YES;
				CLANG_WARN_OBJC_LITERAL_CONVERSION = YES;
				CLANG_WARN_OBJC_ROOT_CLASS = YES_ERROR;
				CLANG_WARN_RANGE_LOOP_ANALYSIS = YES;
				CLANG_WARN_STRICT_PROTOTYPES = YES;
				CLANG_WARN_SUSPICIOUS_MOVE = YES;
				CLANG_WARN_UNGUARDED_AVAILABILITY = YES_AGGRESSIVE;
				CLANG_WARN_UNREACHABLE_CODE = YES;
				CLANG_WARN__DUPLICATE_METHOD_MATCH = YES;
				CODE_SIGN_IDENTITY = "iPhone Developer";
				COPY_PHASE_STRIP = NO;
				DEBUG_INFORMATION_FORMAT = dwarf;
				ENABLE_STRICT_OBJC_MSGSEND = YES;
				ENABLE_TESTABILITY = YES;
				GCC_C_LANGUAGE_STANDARD = gnu11;
				GCC_DYNAMIC_NO_PIC = NO;
				GCC_NO_COMMON_BLOCKS = YES;
				GCC_OPTIMIZATION_LEVEL = 0;
				GCC_PREPROCESSOR_DEFINITIONS = (
					"DEBUG=1",
					"$(inherited)",
				);
				GCC_WARN_64_TO_32_BIT_CONVERSION = YES;
				GCC_WARN_ABOUT_RETURN_TYPE = YES_ERROR;
				GCC_WARN_UNDECLARED_SELECTOR = YES;
				GCC_WARN_UNINITIALIZED_AUTOS = YES_AGGRESSIVE;
				GCC_WARN_UNUSED_FUNCTION = YES;
				GCC_WARN_UNUSED_VARIABLE = YES;
				IPHONEOS_DEPLOYMENT_TARGET = 12.1;
				MTL_ENABLE_DEBUG_INFO = INCLUDE_SOURCE;
				MTL_FAST_MATH = YES;
				ONLY_ACTIVE_ARCH = YES;
				SDKROOT = iphoneos;
			};
			name = Debug;
		};
		FBE4ED4421CB94F70046C211 /* Release */ = {
			isa = XCBuildConfiguration;
			buildSettings = {
				ALWAYS_SEARCH_USER_PATHS = NO;
				CLANG_ANALYZER_NONNULL = YES;
				CLANG_ANALYZER_NUMBER_OBJECT_CONVERSION = YES_AGGRESSIVE;
				CLANG_CXX_LANGUAGE_STANDARD = "gnu++14";
				CLANG_CXX_LIBRARY = "libc++";
				CLANG_ENABLE_MODULES = YES;
				CLANG_ENABLE_OBJC_ARC = YES;
				CLANG_ENABLE_OBJC_WEAK = YES;
				CLANG_WARN_BLOCK_CAPTURE_AUTORELEASING = YES;
				CLANG_WARN_BOOL_CONVERSION = YES;
				CLANG_WARN_COMMA = YES;
				CLANG_WARN_CONSTANT_CONVERSION = YES;
				CLANG_WARN_DEPRECATED_OBJC_IMPLEMENTATIONS = YES;
				CLANG_WARN_DIRECT_OBJC_ISA_USAGE = YES_ERROR;
				CLANG_WARN_DOCUMENTATION_COMMENTS = YES;
				CLANG_WARN_EMPTY_BODY = YES;
				CLANG_WARN_ENUM_CONVERSION = YES;
				CLANG_WARN_INFINITE_RECURSION = YES;
				CLANG_WARN_INT_CONVERSION = YES;
				CLANG_WARN_NON_LITERAL_NULL_CONVERSION = YES;
				CLANG_WARN_OBJC_IMPLICIT_RETAIN_SELF = YES;
				CLANG_WARN_OBJC_LITERAL_CONVERSION = YES;
				CLANG_WARN_OBJC_ROOT_CLASS = YES_ERROR;
				CLANG_WARN_RANGE_LOOP_ANALYSIS = YES;
				CLANG_WARN_STRICT_PROTOTYPES = YES;
				CLANG_WARN_SUSPICIOUS_MOVE = YES;
				CLANG_WARN_UNGUARDED_AVAILABILITY = YES_AGGRESSIVE;
				CLANG_WARN_UNREACHABLE_CODE = YES;
				CLANG_WARN__DUPLICATE_METHOD_MATCH = YES;
				CODE_SIGN_IDENTITY = "iPhone Developer";
				COPY_PHASE_STRIP = NO;
				DEBUG_INFORMATION_FORMAT = "dwarf-with-dsym";
				ENABLE_NS_ASSERTIONS = NO;
				ENABLE_STRICT_OBJC_MSGSEND = YES;
				GCC_C_LANGUAGE_STANDARD = gnu11;
				GCC_NO_COMMON_BLOCKS = YES;
				GCC_WARN_64_TO_32_BIT_CONVERSION = YES;
				GCC_WARN_ABOUT_RETURN_TYPE = YES_ERROR;
				GCC_WARN_UNDECLARED_SELECTOR = YES;
				GCC_WARN_UNINITIALIZED_AUTOS = YES_AGGRESSIVE;
				GCC_WARN_UNUSED_FUNCTION = YES;
				GCC_WARN_UNUSED_VARIABLE = YES;
				IPHONEOS_DEPLOYMENT_TARGET = 12.1;
				MTL_ENABLE_DEBUG_INFO = NO;
				MTL_FAST_MATH = YES;
				SDKROOT = iphoneos;
				VALIDATE_PRODUCT = YES;
			};
			name = Release;
		};
		FBE4ED4621CB94F70046C211 /* Debug */ = {
			isa = XCBuildConfiguration;
			buildSettings = {
				ASSETCATALOG_COMPILER_APPICON_NAME = AppIcon;
				CODE_SIGN_STYLE = Automatic;
				INFOPLIST_FILE = Cloudy/Info.plist;
				LD_RUNPATH_SEARCH_PATHS = (
					"$(inherited)",
					"@executable_path/Frameworks",
				);
				PRODUCT_BUNDLE_IDENTIFIER = dev.olog.Cloudy;
				PRODUCT_NAME = "$(TARGET_NAME)";
				TARGETED_DEVICE_FAMILY = "1,2";
			};
			name = Debug;
		};
		FBE4ED4721CB94F70046C211 /* Release */ = {
			isa = XCBuildConfiguration;
			buildSettings = {
				ASSETCATALOG_COMPILER_APPICON_NAME = AppIcon;
				CODE_SIGN_STYLE = Automatic;
				INFOPLIST_FILE = Cloudy/Info.plist;
				LD_RUNPATH_SEARCH_PATHS = (
					"$(inherited)",
					"@executable_path/Frameworks",
				);
				PRODUCT_BUNDLE_IDENTIFIER = dev.olog.Cloudy;
				PRODUCT_NAME = "$(TARGET_NAME)";
				TARGETED_DEVICE_FAMILY = "1,2";
			};
			name = Release;
		};
/* End XCBuildConfiguration section */

/* Begin XCConfigurationList section */
		FBE4ED2721CB94F70046C211 /* Build configuration list for PBXProject "Cloudy" */ = {
			isa = XCConfigurationList;
			buildConfigurations = (
				FBE4ED4321CB94F70046C211 /* Debug */,
				FBE4ED4421CB94F70046C211 /* Release */,
			);
			defaultConfigurationIsVisible = 0;
			defaultConfigurationName = Release;
		};
		FBE4ED4521CB94F70046C211 /* Build configuration list for PBXNativeTarget "Cloudy" */ = {
			isa = XCConfigurationList;
			buildConfigurations = (
				FBE4ED4621CB94F70046C211 /* Debug */,
				FBE4ED4721CB94F70046C211 /* Release */,
			);
			defaultConfigurationIsVisible = 0;
			defaultConfigurationName = Release;
		};
/* End XCConfigurationList section */

/* Begin XCVersionGroup section */
		FBE4ED3821CB94F70046C211 /* Cloudy.xcdatamodeld */ = {
			isa = XCVersionGroup;
			children = (
				FBE4ED3921CB94F70046C211 /* Cloudy.xcdatamodel */,
			);
			currentVersion = FBE4ED3921CB94F70046C211 /* Cloudy.xcdatamodel */;
			path = Cloudy.xcdatamodeld;
			sourceTree = "<group>";
			versionGroupType = wrapper.xcdatamodel;
		};
/* End XCVersionGroup section */
	};
	rootObject = FBE4ED2421CB94F70046C211 /* Project object */;
}
